
Microsoft Visual Studio Solution File, Format Version 12.00
# Visual Studio Version 17
VisualStudioVersion = 17.8.34330.188
MinimumVisualStudioVersion = 10.0.40219.1
Project("{9A19103F-16F7-4668-BE54-9A1E7A4F7556}") = "KuznyechikCrypto", "KuznyechikCrypto\KuznyechikCrypto.csproj", "{5C71785B-B496-488F-A06B-B420EAE5F187}"
EndProject
Project("{FAE04EC0-301F-11D3-BF4B-00C04F79EFBC}") = "KuznyechikTests", "KuznyechikTests\KuznyechikTests.csproj", "{D065F0B8-B4C9-43A7-AD31-76B0370B79D1}"
	ProjectSection(ProjectDependencies) = postProject
		{5C71785B-B496-488F-A06B-B420EAE5F187} = {5C71785B-B496-488F-A06B-B420EAE5F187}
	EndProjectSection
EndProject
Global
	GlobalSection(SolutionConfigurationPlatforms) = preSolution
		Debug|Any CPU = Debug|Any CPU
		Release|Any CPU = Release|Any CPU
	EndGlobalSection
	GlobalSection(ProjectConfigurationPlatforms) = postSolution
		{5C71785B-B496-488F-A06B-B420EAE5F187}.Debug|Any CPU.ActiveCfg = Debug|Any CPU
		{5C71785B-B496-488F-A06B-B420EAE5F187}.Debug|Any CPU.Build.0 = Debug|Any CPU
		{5C71785B-B496-488F-A06B-B420EAE5F187}.Release|Any CPU.ActiveCfg = Release|Any CPU
		{5C71785B-B496-488F-A06B-B420EAE5F187}.Release|Any CPU.Build.0 = Release|Any CPU
		{D065F0B8-B4C9-43A7-AD31-76B0370B79D1}.Debug|Any CPU.ActiveCfg = Debug|Any CPU
		{D065F0B8-B4C9-43A7-AD31-76B0370B79D1}.Debug|Any CPU.Build.0 = Debug|Any CPU
		{D065F0B8-B4C9-43A7-AD31-76B0370B79D1}.Release|Any CPU.ActiveCfg = Release|Any CPU
		{D065F0B8-B4C9-43A7-AD31-76B0370B79D1}.Release|Any CPU.Build.0 = Release|Any CPU
	EndGlobalSection
	GlobalSection(SolutionProperties) = preSolution
		HideSolutionNode = FALSE
	EndGlobalSection
	GlobalSection(ExtensibilityGlobals) = postSolution
		SolutionGuid = {AE8141F1-5ED4-463B-8B7C-82F5DB00BA13}
	EndGlobalSection
EndGlobal
